{
  "version": 2,
  "dependencies": {
    "net10.0": {
      "Microsoft.NET.ILLink.Tasks": {
        "type": "Direct",
        "requested": "[10.0.5, )",
        "resolved": "10.0.5",
        "contentHash": "A+5ZuQ0f449tM+MQrhf6R9ZX7lYpjk/ODEwLYKrnF6111rtARx8fVsm4YznUnQiKnnXfaXNBqgxmil6RW3L3SA=="
      },
      "Realm": {
        "type": "Direct",
        "requested": "[20.1.0, )",
        "resolved": "20.1.0",
        "contentHash": "jDwR8r8gDZq3Mrlzx1MYtg7FodPFD4Kpku9QMh5Q0Lzia0nfTZo9/Q9ZMFGhwuZSv7T78EvMAr3LPm8iwR7wnQ==",
        "dependencies": {
          "Fody": "6.9.1",
          "MongoDB.Bson": "2.21.0",
          "Remotion.Linq": "2.2.0"
        }
      },
      "Fody": {
        "type": "Transitive",
        "resolved": "6.9.1",
        "contentHash": "Y33IOTstqsDaq2+1Cweu4s/V2iAAaRY6bPIANCre3Wlx9REc+ONyYmUdCc67Z12dy0N2Haq3t7QP4ANndsu/HA=="
      },
      "MongoDB.Bson": {
        "type": "Transitive",
        "resolved": "2.21.0",
        "contentHash": "QT+D1I3Jz6r6S6kCgJD1L9dRCLVJCKlkGRkA+tJ7uLpHRmjDNcNKy4D1T+L9gQrjl95lDN9PHdwEytdvCW/jzA=="
      },
      "Remotion.Linq": {
        "type": "Transitive",
        "resolved": "2.2.0",
        "contentHash": "fK/76UmpC0FXBlGDFVPLJHQlDLYnGC+XY3eoDgCgbtrhi0vzbXDQ3n/IYHhqSKqXQfGw/u04A1drWs7rFVkRjw=="
      },
      "waddamburo.catalog": {
        "type": "Project"
      }
    },
    "net10.0/linux-x64": {
      "Realm": {
        "type": "Direct",
        "requested": "[20.1.0, )",
        "resolved": "20.1.0",
        "contentHash": "jDwR8r8gDZq3Mrlzx1MYtg7FodPFD4Kpku9QMh5Q0Lzia0nfTZo9/Q9ZMFGhwuZSv7T78EvMAr3LPm8iwR7wnQ==",
        "dependencies": {
          "Fody": "6.9.1",
          "MongoDB.Bson": "2.21.0",
          "Remotion.Linq": "2.2.0"
        }
      }
    },
    "net10.0/win-x64": {
      "Realm": {
        "type": "Direct",
        "requested": "[20.1.0, )",
        "resolved": "20.1.0",
        "contentHash": "jDwR8r8gDZq3Mrlzx1MYtg7FodPFD4Kpku9QMh5Q0Lzia0nfTZo9/Q9ZMFGhwuZSv7T78EvMAr3LPm8iwR7wnQ==",
        "dependencies": {
          "Fody": "6.9.1",
          "MongoDB.Bson": "2.21.0",
          "Remotion.Linq": "2.2.0"
        }
      }
    }
  }
}